
Microsoft Visual Studio Solution File, Format Version 12.00
# Visual Studio Version 16
VisualStudioVersion = 16.0.29613.14
MinimumVisualStudioVersion = 10.0.40219.1
Project("{8BC9CEB8-8B4A-11D0-8D11-00A0C91BC942}") = "1510286_LeQuangVinh_GKBS", "1510286_LeQuangVinh_GKBS\1510286_LeQuangVinh_GKBS.vcxproj", "{193ADAFE-9052-46EE-A1B8-8551A0623457}"
EndProject
Global
	GlobalSection(SolutionConfigurationPlatforms) = preSolution
		Debug|x64 = Debug|x64
		Debug|x86 = Debug|x86
		Release|x64 = Release|x64
		Release|x86 = Release|x86
	EndGlobalSection
	GlobalSection(ProjectConfigurationPlatforms) = postSolution
		{193ADAFE-9052-46EE-A1B8-8551A0623457}.Debug|x64.ActiveCfg = Debug|x64
		{193ADAFE-9052-46EE-A1B8-8551A0623457}.Debug|x64.Build.0 = Debug|x64
		{193ADAFE-9052-46EE-A1B8-8551A0623457}.Debug|x86.ActiveCfg = Debug|Win32
		{193ADAFE-9052-46EE-A1B8-8551A0623457}.Debug|x86.Build.0 = Debug|Win32
		{193ADAFE-9052-46EE-A1B8-8551A0623457}.Release|x64.ActiveCfg = Release|x64
		{193ADAFE-9052-46EE-A1B8-8551A0623457}.Release|x64.Build.0 = Release|x64
		{193ADAFE-9052-46EE-A1B8-8551A0623457}.Release|x86.ActiveCfg = Release|Win32
		{193ADAFE-9052-46EE-A1B8-8551A0623457}.Release|x86.Build.0 = Release|Win32
	EndGlobalSection
	GlobalSection(SolutionProperties) = preSolution
		HideSolutionNode = FALSE
	EndGlobalSection
	GlobalSection(ExtensibilityGlobals) = postSolution
		SolutionGuid = {4E3CF2E3-A5B9-438A-82B1-ACEE7A4CEE32}
	EndGlobalSection
EndGlobal
